
Microsoft Visual Studio Solution File, Format Version 12.00
# Visual Studio Version 17
VisualStudioVersion = 17.4.33103.184
MinimumVisualStudioVersion = 10.0.40219.1
Project("{9A19103F-16F7-4668-BE54-9A1E7A4F7556}") = "AVMBTest", "AVMBTest.csproj", "{D64E6CD4-650C-4074-8AC5-A709567DA699}"
EndProject
Global
	GlobalSection(SolutionConfigurationPlatforms) = preSolution
		Debug|Any CPU = Debug|Any CPU
		Release|Any CPU = Release|Any CPU
	EndGlobalSection
	GlobalSection(ProjectConfigurationPlatforms) = postSolution
		{D64E6CD4-650C-4074-8AC5-A709567DA699}.Debug|Any CPU.ActiveCfg = Debug|Any CPU
		{D64E6CD4-650C-4074-8AC5-A709567DA699}.Debug|Any CPU.Build.0 = Debug|Any CPU
		{D64E6CD4-650C-4074-8AC5-A709567DA699}.Release|Any CPU.ActiveCfg = Release|Any CPU
		{D64E6CD4-650C-4074-8AC5-A709567DA699}.Release|Any CPU.Build.0 = Release|Any CPU
	EndGlobalSection
	GlobalSection(SolutionProperties) = preSolution
		HideSolutionNode = FALSE
	EndGlobalSection
	GlobalSection(ExtensibilityGlobals) = postSolution
		SolutionGuid = {2993FE77-2F7E-4E96-99D9-F54BDDF0BB77}
	EndGlobalSection
EndGlobal
